// !$*UTF8*$!
{
	archiveVersion = 1;
	classes = {
	};
	objectVersion = 38;
	objects = {
		034768DDFF38A45A11DB9C8B = {
			children = (
				034768DEFF38A45A11DB9C8B,
				9894C4410439726000A8006E,
				98E387700447B9DC00A8006E,
				98E3879D0447B9FB00A8006E,
				D864D1530524E2470004026D,
			);
			isa = PBXGroup;
			name = Products;
			refType = 4;
		};
		034768DEFF38A45A11DB9C8B = {
			isa = PBXFrameworkReference;
			path = OpenAL.framework;
			refType = 3;
		};
//030
//031
//032
//033
//034
//080
//081
//082
//083
//084
		0867D690FE84028FC02AAC07 = {
			buildStyles = (
				4F0BB7ED011F40E904CA0E50,
			);
			hasScannedForEncodings = 1;
			isa = PBXProject;
			mainGroup = 0867D691FE84028FC02AAC07;
			productRefGroup = 034768DDFF38A45A11DB9C8B;
			projectDirPath = "";
			targets = (
				0867D69CFE84028FC02AAC07,
				9894C4180439726000A8006E,
				98E387440447B9DC00A8006E,
				98E387710447B9FB00A8006E,
				D864D1520524E2470004026D,
			);
		};
		0867D691FE84028FC02AAC07 = {
			children = (
				08FB77ACFE841707C02AAC07,
				089C1665FE841158C02AAC07,
				0867D69AFE84028FC02AAC07,
				034768DDFF38A45A11DB9C8B,
			);
			isa = PBXGroup;
			name = al_osx;
			refType = 4;
		};
		0867D69AFE84028FC02AAC07 = {
			children = (
				985B853E0471BF5B005F25BE,
				985B85410471BF69005F25BE,
				981B79AD0523A4A500940F97,
				981B79B20523A4BB00940F97,
			);
			isa = PBXGroup;
			name = "External Frameworks and Libraries";
			refType = 4;
		};
		0867D69CFE84028FC02AAC07 = {
			buildPhases = (
				0867D69DFE84028FC02AAC07,
				0867D69EFE84028FC02AAC07,
				0867D69FFE84028FC02AAC07,
				0867D6A0FE84028FC02AAC07,
				0867D6A2FE84028FC02AAC07,
			);
			buildSettings = {
				DEBUGGING_SYMBOLS = NO;
				DYLIB_COMPATIBILITY_VERSION = 1;
				DYLIB_CURRENT_VERSION = 1;
				FRAMEWORK_SEARCH_PATHS = "";
				FRAMEWORK_VERSION = A;
				HEADER_SEARCH_PATHS = "";
				INSTALL_PATH = "@executable_path/../Frameworks";
				LIBRARY_SEARCH_PATHS = "";
				OPTIMIZATION_CFLAGS = "-O3";
				OTHER_LDFLAGS = "-seg1addr 0x10000000";
				PRODUCT_NAME = OpenAL;
				SECTORDER_FLAGS = "";
				WARNING_CFLAGS = "-Wmost -Wno-four-char-constants -Wno-unknown-pragmas";
				WRAPPER_EXTENSION = framework;
			};
			dependencies = (
			);
			isa = PBXFrameworkTarget;
			name = al_osx_basic;
			productInstallPath = "@executable_path/../Frameworks";
			productName = al_osx;
			productReference = 034768DEFF38A45A11DB9C8B;
			productSettingsXML = "<?xml version=\"1.0\" encoding=\"UTF-8\"?>
<!DOCTYPE plist PUBLIC \"-//Apple Computer//DTD PLIST 1.0//EN\" \"http://www.apple.com/DTDs/PropertyList-1.0.dtd\">
<plist version=\"1.0\">
<dict>
	<key>CFBundleDevelopmentRegion</key>
	<string>English</string>
	<key>CFBundleExecutable</key>
	<string>OpenAL</string>
	<key>CFBundleGetInfoString</key>
	<string>OpenAL</string>
	<key>CFBundleIconFile</key>
	<string></string>
	<key>CFBundleIdentifier</key>
	<string></string>
	<key>CFBundleInfoDictionaryVersion</key>
	<string>6.0</string>
	<key>CFBundleName</key>
	<string>OpenAL</string>
	<key>CFBundlePackageType</key>
	<string>FMWK</string>
	<key>CFBundleShortVersionString</key>
	<string>OpenAL</string>
	<key>CFBundleSignature</key>
	<string>????</string>
	<key>CFBundleVersion</key>
	<string>1.0.1d1</string>
	<key>CSResourcesFileMapped</key>
	<true/>
</dict>
</plist>
";
		};
		0867D69DFE84028FC02AAC07 = {
			buildActionMask = 2147483647;
			files = (
				F558C53F036A116501A8006E,
				F558C542036A116501A8006E,
				F558C544036A116501A8006E,
				F558C546036A116501A8006E,
				F558C548036A116501A8006E,
				F558C54A036A116501A8006E,
				F558C54C036A116501A8006E,
				F558C54E036A116501A8006E,
				F558C550036A116501A8006E,
				F558C556036A119601A8006E,
				F558C557036A119601A8006E,
				984FDEC70433F5A20042B474,
				984FDEC80433F5A20042B474,
				984FDEC90433F5A20042B474,
				984FDECA0433F5A20042B474,
				984FDECB0433F5A20042B474,
				981B79A50523A3AD00940F97,
				981B79A70523A3AD00940F97,
			);
			isa = PBXHeadersBuildPhase;
			runOnlyForDeploymentPostprocessing = 0;
		};
		0867D69EFE84028FC02AAC07 = {
			buildActionMask = 2147483647;
			files = (
				089C1668FE841158C02AAC07,
			);
			isa = PBXResourcesBuildPhase;
			runOnlyForDeploymentPostprocessing = 0;
		};
		0867D69FFE84028FC02AAC07 = {
			buildActionMask = 2147483647;
			files = (
				F558C53E036A116501A8006E,
				F558C540036A116501A8006E,
				F558C541036A116501A8006E,
				F558C543036A116501A8006E,
				F558C545036A116501A8006E,
				F558C547036A116501A8006E,
				F558C549036A116501A8006E,
				F558C54B036A116501A8006E,
				F558C54D036A116501A8006E,
				F558C54F036A116501A8006E,
				F558C551036A116501A8006E,
				981B79A40523A3AD00940F97,
				D864D1A50524FDB90004026D,
			);
			isa = PBXSourcesBuildPhase;
			runOnlyForDeploymentPostprocessing = 0;
		};
		0867D6A0FE84028FC02AAC07 = {
			buildActionMask = 2147483647;
			files = (
				981B79B00523A4A500940F97,
				981B79B50523A4BB00940F97,
			);
			isa = PBXFrameworksBuildPhase;
			runOnlyForDeploymentPostprocessing = 0;
		};
		0867D6A2FE84028FC02AAC07 = {
			buildActionMask = 2147483647;
			files = (
			);
			isa = PBXRezBuildPhase;
			runOnlyForDeploymentPostprocessing = 0;
		};
		089C1665FE841158C02AAC07 = {
			children = (
				089C1666FE841158C02AAC07,
			);
			isa = PBXGroup;
			name = Resources;
			refType = 4;
		};
		089C1666FE841158C02AAC07 = {
			children = (
				089C1667FE841158C02AAC07,
			);
			isa = PBXVariantGroup;
			name = InfoPlist.strings;
			path = "";
			refType = 2;
		};
		089C1667FE841158C02AAC07 = {
			fileEncoding = 10;
			isa = PBXFileReference;
			name = English;
			path = English.lproj/InfoPlist.strings;
			refType = 4;
		};
		089C1668FE841158C02AAC07 = {
			fileRef = 089C1666FE841158C02AAC07;
			isa = PBXBuildFile;
			settings = {
			};
		};
		08FB77ACFE841707C02AAC07 = {
			children = (
				989FD9DE0444FC33005F25BE,
				989FD9DC0444FB92005F25BE,
				F558C553036A119601A8006E,
				F558C552036A119601A8006E,
				981B79980523A3AD00940F97,
				981B79990523A3AD00940F97,
				D864D1A00524FDB90004026D,
				981B799B0523A3AD00940F97,
				F558C52A036A116501A8006E,
				F558C52B036A116501A8006E,
				F558C52D036A116501A8006E,
				F558C52E036A116501A8006E,
				F558C52F036A116501A8006E,
				F558C530036A116501A8006E,
				F558C531036A116501A8006E,
				F558C532036A116501A8006E,
				F558C533036A116501A8006E,
				F558C534036A116501A8006E,
				F558C535036A116501A8006E,
				F558C536036A116501A8006E,
				F558C537036A116501A8006E,
				F558C538036A116501A8006E,
				F558C539036A116501A8006E,
				F558C53A036A116501A8006E,
				F558C53B036A116501A8006E,
				F558C53C036A116501A8006E,
				F558C52C036A116501A8006E,
				F558C53D036A116501A8006E,
			);
			isa = PBXGroup;
			name = Source;
			refType = 4;
		};
//080
//081
//082
//083
//084
//4F0
//4F1
//4F2
//4F3
//4F4
		4F0BB7ED011F40E904CA0E50 = {
			buildRules = (
			);
			buildSettings = {
				COPY_PHASE_STRIP = YES;
				OTHER_CFLAGS = "\U0001-D__MACOSX__";
			};
			isa = PBXBuildStyle;
			name = Deployment;
		};
//4F0
//4F1
//4F2
//4F3
//4F4
//980
//981
//982
//983
//984
		981B79980523A3AD00940F97 = {
			fileEncoding = 30;
			isa = PBXFileReference;
			name = mutex.c;
			path = ../openal/mutex.c;
			refType = 2;
		};
		981B79990523A3AD00940F97 = {
			fileEncoding = 30;
			isa = PBXFileReference;
			name = mutex.h;
			path = ../openal/mutex.h;
			refType = 2;
		};
		981B799B0523A3AD00940F97 = {
			fileEncoding = 30;
			isa = PBXFileReference;
			name = sm_ca.h;
			path = ../openal/sm_ca.h;
			refType = 2;
		};
		981B799C0523A3AD00940F97 = {
			fileRef = 981B79980523A3AD00940F97;
			isa = PBXBuildFile;
			settings = {
			};
		};
		981B799D0523A3AD00940F97 = {
			fileRef = 981B79990523A3AD00940F97;
			isa = PBXBuildFile;
			settings = {
			};
		};
		981B799F0523A3AD00940F97 = {
			fileRef = 981B799B0523A3AD00940F97;
			isa = PBXBuildFile;
			settings = {
			};
		};
		981B79A00523A3AD00940F97 = {
			fileRef = 981B79980523A3AD00940F97;
			isa = PBXBuildFile;
			settings = {
			};
		};
		981B79A10523A3AD00940F97 = {
			fileRef = 981B79990523A3AD00940F97;
			isa = PBXBuildFile;
			settings = {
			};
		};
		981B79A30523A3AD00940F97 = {
			fileRef = 981B799B0523A3AD00940F97;
			isa = PBXBuildFile;
			settings = {
			};
		};
		981B79A40523A3AD00940F97 = {
			fileRef = 981B79980523A3AD00940F97;
			isa = PBXBuildFile;
			settings = {
			};
		};
		981B79A50523A3AD00940F97 = {
			fileRef = 981B79990523A3AD00940F97;
			isa = PBXBuildFile;
			settings = {
			};
		};
		981B79A70523A3AD00940F97 = {
			fileRef = 981B799B0523A3AD00940F97;
			isa = PBXBuildFile;
			settings = {
			};
		};
		981B79A80523A3AD00940F97 = {
			fileRef = 981B79980523A3AD00940F97;
			isa = PBXBuildFile;
			settings = {
			};
		};
		981B79A90523A3AD00940F97 = {
			fileRef = 981B79990523A3AD00940F97;
			isa = PBXBuildFile;
			settings = {
			};
		};
		981B79AB0523A3AD00940F97 = {
			fileRef = 981B799B0523A3AD00940F97;
			isa = PBXBuildFile;
			settings = {
			};
		};
		981B79AD0523A4A500940F97 = {
			isa = PBXFrameworkReference;
			name = CoreAudio.framework;
			path = /System/Library/Frameworks/CoreAudio.framework;
			refType = 0;
		};
		981B79AE0523A4A500940F97 = {
			fileRef = 981B79AD0523A4A500940F97;
			isa = PBXBuildFile;
			settings = {
			};
		};
		981B79AF0523A4A500940F97 = {
			fileRef = 981B79AD0523A4A500940F97;
			isa = PBXBuildFile;
			settings = {
			};
		};
		981B79B00523A4A500940F97 = {
			fileRef = 981B79AD0523A4A500940F97;
			isa = PBXBuildFile;
			settings = {
			};
		};
		981B79B10523A4A500940F97 = {
			fileRef = 981B79AD0523A4A500940F97;
			isa = PBXBuildFile;
			settings = {
			};
		};
		981B79B20523A4BB00940F97 = {
			isa = PBXFrameworkReference;
			name = vecLib.framework;
			path = /System/Library/Frameworks/vecLib.framework;
			refType = 0;
		};
		981B79B30523A4BB00940F97 = {
			fileRef = 981B79B20523A4BB00940F97;
			isa = PBXBuildFile;
			settings = {
			};
		};
		981B79B40523A4BB00940F97 = {
			fileRef = 981B79B20523A4BB00940F97;
			isa = PBXBuildFile;
			settings = {
			};
		};
		981B79B50523A4BB00940F97 = {
			fileRef = 981B79B20523A4BB00940F97;
			isa = PBXBuildFile;
			settings = {
			};
		};
		981B79B60523A4BB00940F97 = {
			fileRef = 981B79B20523A4BB00940F97;
			isa = PBXBuildFile;
			settings = {
			};
		};
		984FDEC20433F5A20042B474 = {
			fileEncoding = 30;
			isa = PBXFileReference;
			name = al.h;
			path = ../al/al.h;
			refType = 2;
		};
		984FDEC30433F5A20042B474 = {
			fileEncoding = 30;
			isa = PBXFileReference;
			name = alc.h;
			path = ../al/alc.h;
			refType = 2;
		};
		984FDEC40433F5A20042B474 = {
			fileEncoding = 30;
			isa = PBXFileReference;
			name = alctypes.h;
			path = ../al/alctypes.h;
			refType = 2;
		};
		984FDEC50433F5A20042B474 = {
			fileEncoding = 30;
			isa = PBXFileReference;
			name = altypes.h;
			path = ../al/altypes.h;
			refType = 2;
		};
		984FDEC60433F5A20042B474 = {
			fileEncoding = 30;
			isa = PBXFileReference;
			name = alut.h;
			path = ../al/alut.h;
			refType = 2;
		};
		984FDEC70433F5A20042B474 = {
			fileRef = 984FDEC20433F5A20042B474;
			isa = PBXBuildFile;
			settings = {
				ATTRIBUTES = (
					Public,
				);
			};
		};
		984FDEC80433F5A20042B474 = {
			fileRef = 984FDEC30433F5A20042B474;
			isa = PBXBuildFile;
			settings = {
				ATTRIBUTES = (
					Public,
				);
			};
		};
		984FDEC90433F5A20042B474 = {
			fileRef = 984FDEC40433F5A20042B474;
			isa = PBXBuildFile;
			settings = {
				ATTRIBUTES = (
					Public,
				);
			};
		};
		984FDECA0433F5A20042B474 = {
			fileRef = 984FDEC50433F5A20042B474;
			isa = PBXBuildFile;
			settings = {
				ATTRIBUTES = (
					Public,
				);
			};
		};
		984FDECB0433F5A20042B474 = {
			fileRef = 984FDEC60433F5A20042B474;
			isa = PBXBuildFile;
			settings = {
				ATTRIBUTES = (
					Public,
				);
			};
		};
		985B853E0471BF5B005F25BE = {
			isa = PBXFrameworkReference;
			name = Ogg.framework;
			path = /Library/Frameworks/Ogg.framework;
			refType = 0;
		};
		985B853F0471BF5B005F25BE = {
			fileRef = 985B853E0471BF5B005F25BE;
			isa = PBXBuildFile;
			settings = {
			};
		};
		985B85400471BF5B005F25BE = {
			fileRef = 985B853E0471BF5B005F25BE;
			isa = PBXBuildFile;
			settings = {
			};
		};
		985B85410471BF69005F25BE = {
			isa = PBXFrameworkReference;
			name = Vorbis.framework;
			path = /Library/Frameworks/Vorbis.framework;
			refType = 0;
		};
		985B85420471BF69005F25BE = {
			fileRef = 985B85410471BF69005F25BE;
			isa = PBXBuildFile;
			settings = {
			};
		};
		985B85430471BF69005F25BE = {
			fileRef = 985B85410471BF69005F25BE;
			isa = PBXBuildFile;
			settings = {
			};
		};
		9894C4180439726000A8006E = {
			buildPhases = (
				9894C4190439726000A8006E,
				9894C42F0439726000A8006E,
				9894C4310439726000A8006E,
				9894C43E0439726000A8006E,
				9894C4400439726000A8006E,
			);
			buildSettings = {
				DYLIB_COMPATIBILITY_VERSION = 1;
				DYLIB_CURRENT_VERSION = 1;
				FRAMEWORK_SEARCH_PATHS = "";
				FRAMEWORK_VERSION = A;
				HEADER_SEARCH_PATHS = "";
				INSTALL_PATH = "@executable_path/../Frameworks";
				LIBRARY_SEARCH_PATHS = "";
				OPTIMIZATION_CFLAGS = "-O0";
				OTHER_LDFLAGS = "-seg1addr 0x10000000";
				PRODUCT_NAME = OpenAL;
				SECTORDER_FLAGS = "";
				WARNING_CFLAGS = "-Wmost -Wno-four-char-constants -Wno-unknown-pragmas";
				WRAPPER_EXTENSION = framework;
			};
			dependencies = (
			);
			isa = PBXFrameworkTarget;
			name = al_osx_basic_debug;
			productInstallPath = "@executable_path/../Frameworks";
			productName = al_osx;
			productReference = 9894C4410439726000A8006E;
			productSettingsXML = "<?xml version=\"1.0\" encoding=\"UTF-8\"?>
<!DOCTYPE plist PUBLIC \"-//Apple Computer//DTD PLIST 1.0//EN\" \"http://www.apple.com/DTDs/PropertyList-1.0.dtd\">
<plist version=\"1.0\">
<dict>
	<key>CFBundleDevelopmentRegion</key>
	<string>English</string>
	<key>CFBundleExecutable</key>
	<string>OpenAL</string>
	<key>CFBundleGetInfoString</key>
	<string>OpenAL</string>
	<key>CFBundleIconFile</key>
	<string></string>
	<key>CFBundleIdentifier</key>
	<string></string>
	<key>CFBundleInfoDictionaryVersion</key>
	<string>6.0</string>
	<key>CFBundleName</key>
	<string>OpenAL</string>
	<key>CFBundlePackageType</key>
	<string>FMWK</string>
	<key>CFBundleShortVersionString</key>
	<string>OpenAL</string>
	<key>CFBundleSignature</key>
	<string>????</string>
	<key>CFBundleVersion</key>
	<string>1.0.1d1</string>
	<key>CSResourcesFileMapped</key>
	<true/>
</dict>
</plist>
";
		};
		9894C4190439726000A8006E = {
			buildActionMask = 2147483647;
			files = (
				9894C41A0439726000A8006E,
				9894C41B0439726000A8006E,
				9894C41C0439726000A8006E,
				9894C41D0439726000A8006E,
				9894C41E0439726000A8006E,
				9894C41F0439726000A8006E,
				9894C4200439726000A8006E,
				9894C4210439726000A8006E,
				9894C4220439726000A8006E,
				9894C4230439726000A8006E,
				9894C4240439726000A8006E,
				9894C4260439726000A8006E,
				9894C4270439726000A8006E,
				9894C4280439726000A8006E,
				9894C4290439726000A8006E,
				9894C42A0439726000A8006E,
				981B79A90523A3AD00940F97,
				981B79AB0523A3AD00940F97,
			);
			isa = PBXHeadersBuildPhase;
			runOnlyForDeploymentPostprocessing = 0;
		};
		9894C41A0439726000A8006E = {
			fileRef = F558C52B036A116501A8006E;
			isa = PBXBuildFile;
			settings = {
			};
		};
		9894C41B0439726000A8006E = {
			fileRef = F558C52E036A116501A8006E;
			isa = PBXBuildFile;
			settings = {
			};
		};
		9894C41C0439726000A8006E = {
			fileRef = F558C530036A116501A8006E;
			isa = PBXBuildFile;
			settings = {
			};
		};
		9894C41D0439726000A8006E = {
			fileRef = F558C532036A116501A8006E;
			isa = PBXBuildFile;
			settings = {
			};
		};
		9894C41E0439726000A8006E = {
			fileRef = F558C534036A116501A8006E;
			isa = PBXBuildFile;
			settings = {
			};
		};
		9894C41F0439726000A8006E = {
			fileRef = F558C536036A116501A8006E;
			isa = PBXBuildFile;
			settings = {
			};
		};
		9894C4200439726000A8006E = {
			fileRef = F558C538036A116501A8006E;
			isa = PBXBuildFile;
			settings = {
			};
		};
		9894C4210439726000A8006E = {
			fileRef = F558C53A036A116501A8006E;
			isa = PBXBuildFile;
			settings = {
			};
		};
		9894C4220439726000A8006E = {
			fileRef = F558C53C036A116501A8006E;
			isa = PBXBuildFile;
			settings = {
			};
		};
		9894C4230439726000A8006E = {
			fileRef = F558C552036A119601A8006E;
			isa = PBXBuildFile;
			settings = {
			};
		};
		9894C4240439726000A8006E = {
			fileRef = F558C553036A119601A8006E;
			isa = PBXBuildFile;
			settings = {
			};
		};
		9894C4260439726000A8006E = {
			fileRef = 984FDEC20433F5A20042B474;
			isa = PBXBuildFile;
			settings = {
				ATTRIBUTES = (
					Public,
				);
			};
		};
		9894C4270439726000A8006E = {
			fileRef = 984FDEC30433F5A20042B474;
			isa = PBXBuildFile;
			settings = {
				ATTRIBUTES = (
					Public,
				);
			};
		};
		9894C4280439726000A8006E = {
			fileRef = 984FDEC40433F5A20042B474;
			isa = PBXBuildFile;
			settings = {
				ATTRIBUTES = (
					Public,
				);
			};
		};
		9894C4290439726000A8006E = {
			fileRef = 984FDEC50433F5A20042B474;
			isa = PBXBuildFile;
			settings = {
				ATTRIBUTES = (
					Public,
				);
			};
		};
		9894C42A0439726000A8006E = {
			fileRef = 984FDEC60433F5A20042B474;
			isa = PBXBuildFile;
			settings = {
				ATTRIBUTES = (
					Public,
				);
			};
		};
		9894C42F0439726000A8006E = {
			buildActionMask = 2147483647;
			files = (
				9894C4300439726000A8006E,
			);
			isa = PBXResourcesBuildPhase;
			runOnlyForDeploymentPostprocessing = 0;
		};
		9894C4300439726000A8006E = {
			fileRef = 089C1666FE841158C02AAC07;
			isa = PBXBuildFile;
			settings = {
			};
		};
		9894C4310439726000A8006E = {
			buildActionMask = 2147483647;
			files = (
				9894C4320439726000A8006E,
				9894C4330439726000A8006E,
				9894C4340439726000A8006E,
				9894C4350439726000A8006E,
				9894C4360439726000A8006E,
				9894C4370439726000A8006E,
				9894C4380439726000A8006E,
				9894C4390439726000A8006E,
				9894C43A0439726000A8006E,
				9894C43B0439726000A8006E,
				9894C43C0439726000A8006E,
				981B79A80523A3AD00940F97,
				D864D1A40524FDB90004026D,
			);
			isa = PBXSourcesBuildPhase;
			runOnlyForDeploymentPostprocessing = 0;
		};
		9894C4320439726000A8006E = {
			fileRef = F558C52A036A116501A8006E;
			isa = PBXBuildFile;
			settings = {
			};
		};
		9894C4330439726000A8006E = {
			fileRef = F558C52C036A116501A8006E;
			isa = PBXBuildFile;
			settings = {
			};
		};
		9894C4340439726000A8006E = {
			fileRef = F558C52D036A116501A8006E;
			isa = PBXBuildFile;
			settings = {
			};
		};
		9894C4350439726000A8006E = {
			fileRef = F558C52F036A116501A8006E;
			isa = PBXBuildFile;
			settings = {
			};
		};
		9894C4360439726000A8006E = {
			fileRef = F558C531036A116501A8006E;
			isa = PBXBuildFile;
			settings = {
			};
		};
		9894C4370439726000A8006E = {
			fileRef = F558C533036A116501A8006E;
			isa = PBXBuildFile;
			settings = {
			};
		};
		9894C4380439726000A8006E = {
			fileRef = F558C535036A116501A8006E;
			isa = PBXBuildFile;
			settings = {
			};
		};
		9894C4390439726000A8006E = {
			fileRef = F558C537036A116501A8006E;
			isa = PBXBuildFile;
			settings = {
			};
		};
		9894C43A0439726000A8006E = {
			fileRef = F558C539036A116501A8006E;
			isa = PBXBuildFile;
			settings = {
			};
		};
		9894C43B0439726000A8006E = {
			fileRef = F558C53B036A116501A8006E;
			isa = PBXBuildFile;
			settings = {
			};
		};
		9894C43C0439726000A8006E = {
			fileRef = F558C53D036A116501A8006E;
			isa = PBXBuildFile;
			settings = {
			};
		};
		9894C43E0439726000A8006E = {
			buildActionMask = 2147483647;
			files = (
				981B79B10523A4A500940F97,
				981B79B60523A4BB00940F97,
			);
			isa = PBXFrameworksBuildPhase;
			runOnlyForDeploymentPostprocessing = 0;
		};
		9894C4400439726000A8006E = {
			buildActionMask = 2147483647;
			files = (
			);
			isa = PBXRezBuildPhase;
			runOnlyForDeploymentPostprocessing = 0;
		};
		9894C4410439726000A8006E = {
			isa = PBXFrameworkReference;
			path = OpenAL.framework;
			refType = 3;
		};
		989FD9DC0444FB92005F25BE = {
			children = (
				984FDEC40433F5A20042B474,
				984FDEC50433F5A20042B474,
				984FDEC60433F5A20042B474,
				984FDEC20433F5A20042B474,
				984FDEC30433F5A20042B474,
			);
			isa = PBXGroup;
			name = al_headers;
			refType = 4;
		};
		989FD9DE0444FC33005F25BE = {
			children = (
				98A1D34A043B7D7E005F25BE,
				98A1D34B043B7D7E005F25BE,
			);
			isa = PBXGroup;
			name = vorbis;
			refType = 4;
		};
		98A1D34A043B7D7E005F25BE = {
			fileEncoding = 30;
			isa = PBXFileReference;
			name = vorbisrtn.c;
			path = ../openal/vorbis/vorbisrtn.c;
			refType = 2;
		};
		98A1D34B043B7D7E005F25BE = {
			fileEncoding = 30;
			isa = PBXFileReference;
			name = vorbisrtn.h;
			path = ../openal/vorbis/vorbisrtn.h;
			refType = 2;
		};
		98E387440447B9DC00A8006E = {
			buildPhases = (
				98E387450447B9DC00A8006E,
				98E3875D0447B9DC00A8006E,
				98E3875F0447B9DC00A8006E,
				98E3876D0447B9DC00A8006E,
				98E3876F0447B9DC00A8006E,
			);
			buildSettings = {
				DEBUGGING_SYMBOLS = NO;
				DYLIB_COMPATIBILITY_VERSION = 1;
				DYLIB_CURRENT_VERSION = 1;
				FRAMEWORK_SEARCH_PATHS = "";
				FRAMEWORK_VERSION = A;
				HEADER_SEARCH_PATHS = "";
				INSTALL_PATH = "@executable_path/../Frameworks";
				LIBRARY_SEARCH_PATHS = "";
				OPTIMIZATION_CFLAGS = "-O3";
				OTHER_CFLAGS = "-DVORBIS_EXTENSION";
				OTHER_LDFLAGS = "-seg1addr 0x10000000";
				PRODUCT_NAME = OpenAL;
				SECTORDER_FLAGS = "";
				WARNING_CFLAGS = "-Wmost -Wno-four-char-constants -Wno-unknown-pragmas";
				WRAPPER_EXTENSION = framework;
			};
			dependencies = (
			);
			isa = PBXFrameworkTarget;
			name = al_osx_vorbis;
			productInstallPath = "@executable_path/../Frameworks";
			productName = al_osx;
			productReference = 98E387700447B9DC00A8006E;
			productSettingsXML = "<?xml version=\"1.0\" encoding=\"UTF-8\"?>
<!DOCTYPE plist PUBLIC \"-//Apple Computer//DTD PLIST 1.0//EN\" \"http://www.apple.com/DTDs/PropertyList-1.0.dtd\">
<plist version=\"1.0\">
<dict>
	<key>CFBundleDevelopmentRegion</key>
	<string>English</string>
	<key>CFBundleExecutable</key>
	<string>OpenAL</string>
	<key>CFBundleGetInfoString</key>
	<string>OpenAL 1.0.8</string>
	<key>CFBundleIconFile</key>
	<string></string>
	<key>CFBundleIdentifier</key>
	<string></string>
	<key>CFBundleInfoDictionaryVersion</key>
	<string>6.0</string>
	<key>CFBundleName</key>
	<string>OpenAL 1.0.8</string>
	<key>CFBundlePackageType</key>
	<string>FMWK</string>
	<key>CFBundleShortVersionString</key>
	<string>OpenAL 1.0.8</string>
	<key>CFBundleSignature</key>
	<string>????</string>
	<key>CFBundleVersion</key>
	<string>1.0.8</string>
	<key>CSResourcesFileMapped</key>
	<true/>
</dict>
</plist>
";
		};
		98E387450447B9DC00A8006E = {
			buildActionMask = 2147483647;
			files = (
				98E387460447B9DC00A8006E,
				98E387470447B9DC00A8006E,
				98E387480447B9DC00A8006E,
				98E387490447B9DC00A8006E,
				98E3874A0447B9DC00A8006E,
				98E3874B0447B9DC00A8006E,
				98E3874C0447B9DC00A8006E,
				98E3874D0447B9DC00A8006E,
				98E3874E0447B9DC00A8006E,
				98E3874F0447B9DC00A8006E,
				98E387500447B9DC00A8006E,
				98E387520447B9DC00A8006E,
				98E387530447B9DC00A8006E,
				98E387540447B9DC00A8006E,
				98E387550447B9DC00A8006E,
				98E387560447B9DC00A8006E,
				98E3875B0447B9DC00A8006E,
				981B799D0523A3AD00940F97,
				981B799F0523A3AD00940F97,
			);
			isa = PBXHeadersBuildPhase;
			runOnlyForDeploymentPostprocessing = 0;
		};
		98E387460447B9DC00A8006E = {
			fileRef = F558C52B036A116501A8006E;
			isa = PBXBuildFile;
			settings = {
			};
		};
		98E387470447B9DC00A8006E = {
			fileRef = F558C52E036A116501A8006E;
			isa = PBXBuildFile;
			settings = {
			};
		};
		98E387480447B9DC00A8006E = {
			fileRef = F558C530036A116501A8006E;
			isa = PBXBuildFile;
			settings = {
			};
		};
		98E387490447B9DC00A8006E = {
			fileRef = F558C532036A116501A8006E;
			isa = PBXBuildFile;
			settings = {
			};
		};
		98E3874A0447B9DC00A8006E = {
			fileRef = F558C534036A116501A8006E;
			isa = PBXBuildFile;
			settings = {
			};
		};
		98E3874B0447B9DC00A8006E = {
			fileRef = F558C536036A116501A8006E;
			isa = PBXBuildFile;
			settings = {
			};
		};
		98E3874C0447B9DC00A8006E = {
			fileRef = F558C538036A116501A8006E;
			isa = PBXBuildFile;
			settings = {
			};
		};
		98E3874D0447B9DC00A8006E = {
			fileRef = F558C53A036A116501A8006E;
			isa = PBXBuildFile;
			settings = {
			};
		};
		98E3874E0447B9DC00A8006E = {
			fileRef = F558C53C036A116501A8006E;
			isa = PBXBuildFile;
			settings = {
			};
		};
		98E3874F0447B9DC00A8006E = {
			fileRef = F558C552036A119601A8006E;
			isa = PBXBuildFile;
			settings = {
			};
		};
		98E387500447B9DC00A8006E = {
			fileRef = F558C553036A119601A8006E;
			isa = PBXBuildFile;
			settings = {
			};
		};
		98E387520447B9DC00A8006E = {
			fileRef = 984FDEC20433F5A20042B474;
			isa = PBXBuildFile;
			settings = {
				ATTRIBUTES = (
					Public,
				);
			};
		};
		98E387530447B9DC00A8006E = {
			fileRef = 984FDEC30433F5A20042B474;
			isa = PBXBuildFile;
			settings = {
				ATTRIBUTES = (
					Public,
				);
			};
		};
		98E387540447B9DC00A8006E = {
			fileRef = 984FDEC40433F5A20042B474;
			isa = PBXBuildFile;
			settings = {
				ATTRIBUTES = (
					Public,
				);
			};
		};
		98E387550447B9DC00A8006E = {
			fileRef = 984FDEC50433F5A20042B474;
			isa = PBXBuildFile;
			settings = {
				ATTRIBUTES = (
					Public,
				);
			};
		};
		98E387560447B9DC00A8006E = {
			fileRef = 984FDEC60433F5A20042B474;
			isa = PBXBuildFile;
			settings = {
				ATTRIBUTES = (
					Public,
				);
			};
		};
		98E3875B0447B9DC00A8006E = {
			fileRef = 98A1D34B043B7D7E005F25BE;
			isa = PBXBuildFile;
			settings = {
			};
		};
		98E3875D0447B9DC00A8006E = {
			buildActionMask = 2147483647;
			files = (
				98E3875E0447B9DC00A8006E,
			);
			isa = PBXResourcesBuildPhase;
			runOnlyForDeploymentPostprocessing = 0;
		};
		98E3875E0447B9DC00A8006E = {
			fileRef = 089C1666FE841158C02AAC07;
			isa = PBXBuildFile;
			settings = {
			};
		};
		98E3875F0447B9DC00A8006E = {
			buildActionMask = 2147483647;
			files = (
				98E387600447B9DC00A8006E,
				98E387610447B9DC00A8006E,
				98E387620447B9DC00A8006E,
				98E387630447B9DC00A8006E,
				98E387640447B9DC00A8006E,
				98E387650447B9DC00A8006E,
				98E387660447B9DC00A8006E,
				98E387670447B9DC00A8006E,
				98E387680447B9DC00A8006E,
				98E387690447B9DC00A8006E,
				98E3876A0447B9DC00A8006E,
				98E3876C0447B9DC00A8006E,
				981B799C0523A3AD00940F97,
				D864D1A30524FDB90004026D,
			);
			isa = PBXSourcesBuildPhase;
			runOnlyForDeploymentPostprocessing = 0;
		};
		98E387600447B9DC00A8006E = {
			fileRef = F558C52A036A116501A8006E;
			isa = PBXBuildFile;
			settings = {
			};
		};
		98E387610447B9DC00A8006E = {
			fileRef = F558C52C036A116501A8006E;
			isa = PBXBuildFile;
			settings = {
			};
		};
		98E387620447B9DC00A8006E = {
			fileRef = F558C52D036A116501A8006E;
			isa = PBXBuildFile;
			settings = {
			};
		};
		98E387630447B9DC00A8006E = {
			fileRef = F558C52F036A116501A8006E;
			isa = PBXBuildFile;
			settings = {
			};
		};
		98E387640447B9DC00A8006E = {
			fileRef = F558C531036A116501A8006E;
			isa = PBXBuildFile;
			settings = {
			};
		};
		98E387650447B9DC00A8006E = {
			fileRef = F558C533036A116501A8006E;
			isa = PBXBuildFile;
			settings = {
			};
		};
		98E387660447B9DC00A8006E = {
			fileRef = F558C535036A116501A8006E;
			isa = PBXBuildFile;
			settings = {
			};
		};
		98E387670447B9DC00A8006E = {
			fileRef = F558C537036A116501A8006E;
			isa = PBXBuildFile;
			settings = {
			};
		};
		98E387680447B9DC00A8006E = {
			fileRef = F558C539036A116501A8006E;
			isa = PBXBuildFile;
			settings = {
			};
		};
		98E387690447B9DC00A8006E = {
			fileRef = F558C53B036A116501A8006E;
			isa = PBXBuildFile;
			settings = {
			};
		};
		98E3876A0447B9DC00A8006E = {
			fileRef = F558C53D036A116501A8006E;
			isa = PBXBuildFile;
			settings = {
			};
		};
		98E3876C0447B9DC00A8006E = {
			fileRef = 98A1D34A043B7D7E005F25BE;
			isa = PBXBuildFile;
			settings = {
			};
		};
		98E3876D0447B9DC00A8006E = {
			buildActionMask = 2147483647;
			files = (
				985B853F0471BF5B005F25BE,
				985B85420471BF69005F25BE,
				981B79AE0523A4A500940F97,
				981B79B30523A4BB00940F97,
			);
			isa = PBXFrameworksBuildPhase;
			runOnlyForDeploymentPostprocessing = 0;
		};
		98E3876F0447B9DC00A8006E = {
			buildActionMask = 2147483647;
			files = (
			);
			isa = PBXRezBuildPhase;
			runOnlyForDeploymentPostprocessing = 0;
		};
		98E387700447B9DC00A8006E = {
			isa = PBXFrameworkReference;
			path = OpenAL.framework;
			refType = 3;
		};
		98E387710447B9FB00A8006E = {
			buildPhases = (
				98E387720447B9FB00A8006E,
				98E3878A0447B9FB00A8006E,
				98E3878C0447B9FB00A8006E,
				98E3879A0447B9FB00A8006E,
				98E3879C0447B9FB00A8006E,
			);
			buildSettings = {
				DYLIB_COMPATIBILITY_VERSION = 1;
				DYLIB_CURRENT_VERSION = 1;
				FRAMEWORK_SEARCH_PATHS = "";
				FRAMEWORK_VERSION = A;
				HEADER_SEARCH_PATHS = "";
				INSTALL_PATH = "@executable_path/../Frameworks";
				LIBRARY_SEARCH_PATHS = /sw/lib;
				OPTIMIZATION_CFLAGS = "-O0";
				OTHER_CFLAGS = "-DVORBIS_EXTENSION";
				OTHER_LDFLAGS = "-seg1addr 0x10000000";
				PRODUCT_NAME = OpenAL;
				SECTORDER_FLAGS = "";
				WARNING_CFLAGS = "-Wmost -Wno-four-char-constants -Wno-unknown-pragmas";
				WRAPPER_EXTENSION = framework;
			};
			dependencies = (
			);
			isa = PBXFrameworkTarget;
			name = al_osx_vorbis_debug;
			productInstallPath = "@executable_path/../Frameworks";
			productName = al_osx;
			productReference = 98E3879D0447B9FB00A8006E;
			productSettingsXML = "<?xml version=\"1.0\" encoding=\"UTF-8\"?>
<!DOCTYPE plist PUBLIC \"-//Apple Computer//DTD PLIST 1.0//EN\" \"http://www.apple.com/DTDs/PropertyList-1.0.dtd\">
<plist version=\"1.0\">
<dict>
	<key>CFBundleDevelopmentRegion</key>
	<string>English</string>
	<key>CFBundleExecutable</key>
	<string>OpenAL</string>
	<key>CFBundleGetInfoString</key>
	<string>OpenAL</string>
	<key>CFBundleIconFile</key>
	<string></string>
	<key>CFBundleIdentifier</key>
	<string></string>
	<key>CFBundleInfoDictionaryVersion</key>
	<string>6.0</string>
	<key>CFBundleName</key>
	<string>OpenAL</string>
	<key>CFBundlePackageType</key>
	<string>FMWK</string>
	<key>CFBundleShortVersionString</key>
	<string>OpenAL</string>
	<key>CFBundleSignature</key>
	<string>????</string>
	<key>CFBundleVersion</key>
	<string>1.0.1d1</string>
	<key>CSResourcesFileMapped</key>
	<true/>
</dict>
</plist>
";
		};
		98E387720447B9FB00A8006E = {
			buildActionMask = 2147483647;
			files = (
				98E387730447B9FB00A8006E,
				98E387740447B9FB00A8006E,
				98E387750447B9FB00A8006E,
				98E387760447B9FB00A8006E,
				98E387770447B9FB00A8006E,
				98E387780447B9FB00A8006E,
				98E387790447B9FB00A8006E,
				98E3877A0447B9FB00A8006E,
				98E3877B0447B9FB00A8006E,
				98E3877C0447B9FB00A8006E,
				98E3877D0447B9FB00A8006E,
				98E3877F0447B9FB00A8006E,
				98E387800447B9FB00A8006E,
				98E387810447B9FB00A8006E,
				98E387820447B9FB00A8006E,
				98E387830447B9FB00A8006E,
				98E387880447B9FB00A8006E,
				981B79A10523A3AD00940F97,
				981B79A30523A3AD00940F97,
			);
			isa = PBXHeadersBuildPhase;
			runOnlyForDeploymentPostprocessing = 0;
		};
		98E387730447B9FB00A8006E = {
			fileRef = F558C52B036A116501A8006E;
			isa = PBXBuildFile;
			settings = {
			};
		};
		98E387740447B9FB00A8006E = {
			fileRef = F558C52E036A116501A8006E;
			isa = PBXBuildFile;
			settings = {
			};
		};
		98E387750447B9FB00A8006E = {
			fileRef = F558C530036A116501A8006E;
			isa = PBXBuildFile;
			settings = {
			};
		};
		98E387760447B9FB00A8006E = {
			fileRef = F558C532036A116501A8006E;
			isa = PBXBuildFile;
			settings = {
			};
		};
		98E387770447B9FB00A8006E = {
			fileRef = F558C534036A116501A8006E;
			isa = PBXBuildFile;
			settings = {
			};
		};
		98E387780447B9FB00A8006E = {
			fileRef = F558C536036A116501A8006E;
			isa = PBXBuildFile;
			settings = {
			};
		};
		98E387790447B9FB00A8006E = {
			fileRef = F558C538036A116501A8006E;
			isa = PBXBuildFile;
			settings = {
			};
		};
		98E3877A0447B9FB00A8006E = {
			fileRef = F558C53A036A116501A8006E;
			isa = PBXBuildFile;
			settings = {
			};
		};
		98E3877B0447B9FB00A8006E = {
			fileRef = F558C53C036A116501A8006E;
			isa = PBXBuildFile;
			settings = {
			};
		};
		98E3877C0447B9FB00A8006E = {
			fileRef = F558C552036A119601A8006E;
			isa = PBXBuildFile;
			settings = {
			};
		};
		98E3877D0447B9FB00A8006E = {
			fileRef = F558C553036A119601A8006E;
			isa = PBXBuildFile;
			settings = {
			};
		};
		98E3877F0447B9FB00A8006E = {
			fileRef = 984FDEC20433F5A20042B474;
			isa = PBXBuildFile;
			settings = {
				ATTRIBUTES = (
					Public,
				);
			};
		};
		98E387800447B9FB00A8006E = {
			fileRef = 984FDEC30433F5A20042B474;
			isa = PBXBuildFile;
			settings = {
				ATTRIBUTES = (
					Public,
				);
			};
		};
		98E387810447B9FB00A8006E = {
			fileRef = 984FDEC40433F5A20042B474;
			isa = PBXBuildFile;
			settings = {
				ATTRIBUTES = (
					Public,
				);
			};
		};
		98E387820447B9FB00A8006E = {
			fileRef = 984FDEC50433F5A20042B474;
			isa = PBXBuildFile;
			settings = {
				ATTRIBUTES = (
					Public,
				);
			};
		};
		98E387830447B9FB00A8006E = {
			fileRef = 984FDEC60433F5A20042B474;
			isa = PBXBuildFile;
			settings = {
				ATTRIBUTES = (
					Public,
				);
			};
		};
		98E387880447B9FB00A8006E = {
			fileRef = 98A1D34B043B7D7E005F25BE;
			isa = PBXBuildFile;
			settings = {
			};
		};
		98E3878A0447B9FB00A8006E = {
			buildActionMask = 2147483647;
			files = (
				98E3878B0447B9FB00A8006E,
			);
			isa = PBXResourcesBuildPhase;
			runOnlyForDeploymentPostprocessing = 0;
		};
		98E3878B0447B9FB00A8006E = {
			fileRef = 089C1666FE841158C02AAC07;
			isa = PBXBuildFile;
			settings = {
			};
		};
		98E3878C0447B9FB00A8006E = {
			buildActionMask = 2147483647;
			files = (
				98E3878D0447B9FB00A8006E,
				98E3878E0447B9FB00A8006E,
				98E3878F0447B9FB00A8006E,
				98E387900447B9FB00A8006E,
				98E387910447B9FB00A8006E,
				98E387920447B9FB00A8006E,
				98E387930447B9FB00A8006E,
				98E387940447B9FB00A8006E,
				98E387950447B9FB00A8006E,
				98E387960447B9FB00A8006E,
				98E387970447B9FB00A8006E,
				98E387990447B9FB00A8006E,
				981B79A00523A3AD00940F97,
				D864D1A20524FDB90004026D,
			);
			isa = PBXSourcesBuildPhase;
			runOnlyForDeploymentPostprocessing = 0;
		};
		98E3878D0447B9FB00A8006E = {
			fileRef = F558C52A036A116501A8006E;
			isa = PBXBuildFile;
			settings = {
			};
		};
		98E3878E0447B9FB00A8006E = {
			fileRef = F558C52C036A116501A8006E;
			isa = PBXBuildFile;
			settings = {
			};
		};
		98E3878F0447B9FB00A8006E = {
			fileRef = F558C52D036A116501A8006E;
			isa = PBXBuildFile;
			settings = {
			};
		};
		98E387900447B9FB00A8006E = {
			fileRef = F558C52F036A116501A8006E;
			isa = PBXBuildFile;
			settings = {
			};
		};
		98E387910447B9FB00A8006E = {
			fileRef = F558C531036A116501A8006E;
			isa = PBXBuildFile;
			settings = {
			};
		};
		98E387920447B9FB00A8006E = {
			fileRef = F558C533036A116501A8006E;
			isa = PBXBuildFile;
			settings = {
			};
		};
		98E387930447B9FB00A8006E = {
			fileRef = F558C535036A116501A8006E;
			isa = PBXBuildFile;
			settings = {
			};
		};
		98E387940447B9FB00A8006E = {
			fileRef = F558C537036A116501A8006E;
			isa = PBXBuildFile;
			settings = {
			};
		};
		98E387950447B9FB00A8006E = {
			fileRef = F558C539036A116501A8006E;
			isa = PBXBuildFile;
			settings = {
			};
		};
		98E387960447B9FB00A8006E = {
			fileRef = F558C53B036A116501A8006E;
			isa = PBXBuildFile;
			settings = {
			};
		};
		98E387970447B9FB00A8006E = {
			fileRef = F558C53D036A116501A8006E;
			isa = PBXBuildFile;
			settings = {
			};
		};
		98E387990447B9FB00A8006E = {
			fileRef = 98A1D34A043B7D7E005F25BE;
			isa = PBXBuildFile;
			settings = {
			};
		};
		98E3879A0447B9FB00A8006E = {
			buildActionMask = 2147483647;
			files = (
				985B85400471BF5B005F25BE,
				985B85430471BF69005F25BE,
				981B79AF0523A4A500940F97,
				981B79B40523A4BB00940F97,
			);
			isa = PBXFrameworksBuildPhase;
			runOnlyForDeploymentPostprocessing = 0;
		};
		98E3879C0447B9FB00A8006E = {
			buildActionMask = 2147483647;
			files = (
			);
			isa = PBXRezBuildPhase;
			runOnlyForDeploymentPostprocessing = 0;
		};
		98E3879D0447B9FB00A8006E = {
			isa = PBXFrameworkReference;
			path = OpenAL.framework;
			refType = 3;
		};
//980
//981
//982
//983
//984
//D80
//D81
//D82
//D83
//D84
		D864D14E0524E2470004026D = {
			buildActionMask = 2147483647;
			files = (
				D864D1540524E27B0004026D,
				D864D1550524E27C0004026D,
				D864D1570524E27E0004026D,
				D864D1580524E27F0004026D,
				D864D1590524E27F0004026D,
				D864D15A0524E2800004026D,
				D864D15B0524E2800004026D,
				D864D15C0524E2820004026D,
				D864D1610524E2860004026D,
				D864D1630524E2870004026D,
				D864D1650524E2880004026D,
				D864D1670524E2890004026D,
				D864D1690524E28A0004026D,
				D864D16B0524E28B0004026D,
				D864D16D0524E28E0004026D,
				D864D16F0524E28F0004026D,
				D864D1710524E2900004026D,
				D864D1A60524FDC90004026D,
			);
			isa = PBXHeadersBuildPhase;
			runOnlyForDeploymentPostprocessing = 0;
		};
		D864D14F0524E2470004026D = {
			buildActionMask = 2147483647;
			files = (
				D864D15D0524E2830004026D,
				D864D1600524E2850004026D,
				D864D1620524E2860004026D,
				D864D1640524E2870004026D,
				D864D1660524E2890004026D,
				D864D1680524E28A0004026D,
				D864D16A0524E28B0004026D,
				D864D16C0524E28D0004026D,
				D864D16E0524E28F0004026D,
				D864D1700524E2900004026D,
				D864D1720524E2910004026D,
				D864D1730524E2910004026D,
				D864D1A10524FDB90004026D,
			);
			isa = PBXSourcesBuildPhase;
			runOnlyForDeploymentPostprocessing = 0;
		};
		D864D1500524E2470004026D = {
			buildActionMask = 2147483647;
			files = (
				D864D1770524E2970004026D,
				D864D1780524E2980004026D,
			);
			isa = PBXFrameworksBuildPhase;
			runOnlyForDeploymentPostprocessing = 0;
		};
		D864D1510524E2470004026D = {
			buildActionMask = 2147483647;
			files = (
			);
			isa = PBXRezBuildPhase;
			runOnlyForDeploymentPostprocessing = 0;
		};
		D864D1520524E2470004026D = {
			buildPhases = (
				D864D14E0524E2470004026D,
				D864D14F0524E2470004026D,
				D864D1500524E2470004026D,
				D864D1510524E2470004026D,
			);
			buildSettings = {
				DEBUGGING_SYMBOLS = NO;
				DYLIB_COMPATIBILITY_VERSION = 1;
				DYLIB_CURRENT_VERSION = 1;
				LIBRARY_STYLE = DYNAMIC;
				OPTIMIZATION_CFLAGS = "-O3";
				OTHER_LIBTOOL_FLAGS = "";
				OTHER_REZFLAGS = "";
				PRODUCT_NAME = openal.dylib;
				REZ_EXECUTABLE = YES;
				SECTORDER_FLAGS = "";
				WARNING_CFLAGS = "-Wmost -Wno-four-char-constants -Wno-unknown-pragmas";
			};
			dependencies = (
			);
			isa = PBXLibraryTarget;
			name = openal.dylib;
			productInstallPath = /usr/local/lib;
			productName = openal.dylib;
			productReference = D864D1530524E2470004026D;
		};
		D864D1530524E2470004026D = {
			isa = PBXLibraryReference;
			path = openal.dylib;
			refType = 3;
		};
		D864D1540524E27B0004026D = {
			fileRef = F558C553036A119601A8006E;
			isa = PBXBuildFile;
			settings = {
			};
		};
		D864D1550524E27C0004026D = {
			fileRef = F558C552036A119601A8006E;
			isa = PBXBuildFile;
			settings = {
			};
		};
		D864D1570524E27E0004026D = {
			fileRef = 984FDEC40433F5A20042B474;
			isa = PBXBuildFile;
			settings = {
			};
		};
		D864D1580524E27F0004026D = {
			fileRef = 984FDEC50433F5A20042B474;
			isa = PBXBuildFile;
			settings = {
			};
		};
		D864D1590524E27F0004026D = {
			fileRef = 984FDEC60433F5A20042B474;
			isa = PBXBuildFile;
			settings = {
			};
		};
		D864D15A0524E2800004026D = {
			fileRef = 984FDEC20433F5A20042B474;
			isa = PBXBuildFile;
			settings = {
			};
		};
		D864D15B0524E2800004026D = {
			fileRef = 984FDEC30433F5A20042B474;
			isa = PBXBuildFile;
			settings = {
			};
		};
		D864D15C0524E2820004026D = {
			fileRef = 981B79990523A3AD00940F97;
			isa = PBXBuildFile;
			settings = {
			};
		};
		D864D15D0524E2830004026D = {
			fileRef = 981B79980523A3AD00940F97;
			isa = PBXBuildFile;
			settings = {
			};
		};
		D864D1600524E2850004026D = {
			fileRef = F558C52A036A116501A8006E;
			isa = PBXBuildFile;
			settings = {
			};
		};
		D864D1610524E2860004026D = {
			fileRef = F558C52B036A116501A8006E;
			isa = PBXBuildFile;
			settings = {
			};
		};
		D864D1620524E2860004026D = {
			fileRef = F558C52D036A116501A8006E;
			isa = PBXBuildFile;
			settings = {
			};
		};
		D864D1630524E2870004026D = {
			fileRef = F558C52E036A116501A8006E;
			isa = PBXBuildFile;
			settings = {
			};
		};
		D864D1640524E2870004026D = {
			fileRef = F558C52F036A116501A8006E;
			isa = PBXBuildFile;
			settings = {
			};
		};
		D864D1650524E2880004026D = {
			fileRef = F558C530036A116501A8006E;
			isa = PBXBuildFile;
			settings = {
			};
		};
		D864D1660524E2890004026D = {
			fileRef = F558C531036A116501A8006E;
			isa = PBXBuildFile;
			settings = {
			};
		};
		D864D1670524E2890004026D = {
			fileRef = F558C532036A116501A8006E;
			isa = PBXBuildFile;
			settings = {
			};
		};
		D864D1680524E28A0004026D = {
			fileRef = F558C533036A116501A8006E;
			isa = PBXBuildFile;
			settings = {
			};
		};
		D864D1690524E28A0004026D = {
			fileRef = F558C534036A116501A8006E;
			isa = PBXBuildFile;
			settings = {
			};
		};
		D864D16A0524E28B0004026D = {
			fileRef = F558C535036A116501A8006E;
			isa = PBXBuildFile;
			settings = {
			};
		};
		D864D16B0524E28B0004026D = {
			fileRef = F558C536036A116501A8006E;
			isa = PBXBuildFile;
			settings = {
			};
		};
		D864D16C0524E28D0004026D = {
			fileRef = F558C537036A116501A8006E;
			isa = PBXBuildFile;
			settings = {
			};
		};
		D864D16D0524E28E0004026D = {
			fileRef = F558C538036A116501A8006E;
			isa = PBXBuildFile;
			settings = {
			};
		};
		D864D16E0524E28F0004026D = {
			fileRef = F558C539036A116501A8006E;
			isa = PBXBuildFile;
			settings = {
			};
		};
		D864D16F0524E28F0004026D = {
			fileRef = F558C53A036A116501A8006E;
			isa = PBXBuildFile;
			settings = {
			};
		};
		D864D1700524E2900004026D = {
			fileRef = F558C53B036A116501A8006E;
			isa = PBXBuildFile;
			settings = {
			};
		};
		D864D1710524E2900004026D = {
			fileRef = F558C53C036A116501A8006E;
			isa = PBXBuildFile;
			settings = {
			};
		};
		D864D1720524E2910004026D = {
			fileRef = F558C52C036A116501A8006E;
			isa = PBXBuildFile;
			settings = {
			};
		};
		D864D1730524E2910004026D = {
			fileRef = F558C53D036A116501A8006E;
			isa = PBXBuildFile;
			settings = {
			};
		};
		D864D1770524E2970004026D = {
			fileRef = 981B79B20523A4BB00940F97;
			isa = PBXBuildFile;
			settings = {
			};
		};
		D864D1780524E2980004026D = {
			fileRef = 981B79AD0523A4A500940F97;
			isa = PBXBuildFile;
			settings = {
			};
		};
		D864D1A00524FDB90004026D = {
			fileEncoding = 30;
			isa = PBXFileReference;
			name = sm_ca.c;
			path = ../openal/sm_ca.c;
			refType = 2;
		};
		D864D1A10524FDB90004026D = {
			fileRef = D864D1A00524FDB90004026D;
			isa = PBXBuildFile;
			settings = {
			};
		};
		D864D1A20524FDB90004026D = {
			fileRef = D864D1A00524FDB90004026D;
			isa = PBXBuildFile;
			settings = {
			};
		};
		D864D1A30524FDB90004026D = {
			fileRef = D864D1A00524FDB90004026D;
			isa = PBXBuildFile;
			settings = {
			};
		};
		D864D1A40524FDB90004026D = {
			fileRef = D864D1A00524FDB90004026D;
			isa = PBXBuildFile;
			settings = {
			};
		};
		D864D1A50524FDB90004026D = {
			fileRef = D864D1A00524FDB90004026D;
			isa = PBXBuildFile;
			settings = {
			};
		};
		D864D1A60524FDC90004026D = {
			fileRef = 981B799B0523A3AD00940F97;
			isa = PBXBuildFile;
			settings = {
			};
		};
//D80
//D81
//D82
//D83
//D84
//F50
//F51
//F52
//F53
//F54
		F558C52A036A116501A8006E = {
			fileEncoding = 30;
			isa = PBXFileReference;
			name = alBuffer.c;
			path = ../openal/alBuffer.c;
			refType = 2;
		};
		F558C52B036A116501A8006E = {
			fileEncoding = 30;
			isa = PBXFileReference;
			name = alBuffer.h;
			path = ../openal/alBuffer.h;
			refType = 2;
		};
		F558C52C036A116501A8006E = {
			fileEncoding = 30;
			isa = PBXFileReference;
			name = alc.c;
			path = ../openal/alc.c;
			refType = 2;
		};
		F558C52D036A116501A8006E = {
			fileEncoding = 30;
			isa = PBXFileReference;
			name = alEnvironment.c;
			path = ../openal/alEnvironment.c;
			refType = 2;
		};
		F558C52E036A116501A8006E = {
			fileEncoding = 30;
			isa = PBXFileReference;
			name = alEnvironment.h;
			path = ../openal/alEnvironment.h;
			refType = 2;
		};
		F558C52F036A116501A8006E = {
			fileEncoding = 30;
			isa = PBXFileReference;
			name = alError.c;
			path = ../openal/alError.c;
			refType = 2;
		};
		F558C530036A116501A8006E = {
			fileEncoding = 30;
			isa = PBXFileReference;
			name = alError.h;
			path = ../openal/alError.h;
			refType = 2;
		};
		F558C531036A116501A8006E = {
			fileEncoding = 30;
			isa = PBXFileReference;
			name = alExtension.c;
			path = ../openal/alExtension.c;
			refType = 2;
		};
		F558C532036A116501A8006E = {
			fileEncoding = 30;
			isa = PBXFileReference;
			name = alExtension.h;
			path = ../openal/alExtension.h;
			refType = 2;
		};
		F558C533036A116501A8006E = {
			fileEncoding = 30;
			isa = PBXFileReference;
			name = alListener.c;
			path = ../openal/alListener.c;
			refType = 2;
		};
		F558C534036A116501A8006E = {
			fileEncoding = 30;
			isa = PBXFileReference;
			name = alListener.h;
			path = ../openal/alListener.h;
			refType = 2;
		};
		F558C535036A116501A8006E = {
			fileEncoding = 30;
			isa = PBXFileReference;
			name = alMain.c;
			path = ../openal/alMain.c;
			refType = 2;
		};
		F558C536036A116501A8006E = {
			fileEncoding = 30;
			isa = PBXFileReference;
			name = alMain.h;
			path = ../openal/alMain.h;
			refType = 2;
		};
		F558C537036A116501A8006E = {
			fileEncoding = 30;
			isa = PBXFileReference;
			name = alSoftware.c;
			path = ../openal/alSoftware.c;
			refType = 2;
		};
		F558C538036A116501A8006E = {
			fileEncoding = 30;
			isa = PBXFileReference;
			name = alSoftware.h;
			path = ../openal/alSoftware.h;
			refType = 2;
		};
		F558C539036A116501A8006E = {
			fileEncoding = 30;
			isa = PBXFileReference;
			name = alSource.c;
			path = ../openal/alSource.c;
			refType = 2;
		};
		F558C53A036A116501A8006E = {
			fileEncoding = 30;
			isa = PBXFileReference;
			name = alSource.h;
			path = ../openal/alSource.h;
			refType = 2;
		};
		F558C53B036A116501A8006E = {
			fileEncoding = 30;
			isa = PBXFileReference;
			name = alState.c;
			path = ../openal/alState.c;
			refType = 2;
		};
		F558C53C036A116501A8006E = {
			fileEncoding = 30;
			isa = PBXFileReference;
			name = alState.h;
			path = ../openal/alState.h;
			refType = 2;
		};
		F558C53D036A116501A8006E = {
			fileEncoding = 30;
			isa = PBXFileReference;
			name = ALut.c;
			path = ../openal/ALut.c;
			refType = 2;
		};
		F558C53E036A116501A8006E = {
			fileRef = F558C52A036A116501A8006E;
			isa = PBXBuildFile;
			settings = {
			};
		};
		F558C53F036A116501A8006E = {
			fileRef = F558C52B036A116501A8006E;
			isa = PBXBuildFile;
			settings = {
			};
		};
		F558C540036A116501A8006E = {
			fileRef = F558C52C036A116501A8006E;
			isa = PBXBuildFile;
			settings = {
			};
		};
		F558C541036A116501A8006E = {
			fileRef = F558C52D036A116501A8006E;
			isa = PBXBuildFile;
			settings = {
			};
		};
		F558C542036A116501A8006E = {
			fileRef = F558C52E036A116501A8006E;
			isa = PBXBuildFile;
			settings = {
			};
		};
		F558C543036A116501A8006E = {
			fileRef = F558C52F036A116501A8006E;
			isa = PBXBuildFile;
			settings = {
			};
		};
		F558C544036A116501A8006E = {
			fileRef = F558C530036A116501A8006E;
			isa = PBXBuildFile;
			settings = {
			};
		};
		F558C545036A116501A8006E = {
			fileRef = F558C531036A116501A8006E;
			isa = PBXBuildFile;
			settings = {
			};
		};
		F558C546036A116501A8006E = {
			fileRef = F558C532036A116501A8006E;
			isa = PBXBuildFile;
			settings = {
			};
		};
		F558C547036A116501A8006E = {
			fileRef = F558C533036A116501A8006E;
			isa = PBXBuildFile;
			settings = {
			};
		};
		F558C548036A116501A8006E = {
			fileRef = F558C534036A116501A8006E;
			isa = PBXBuildFile;
			settings = {
			};
		};
		F558C549036A116501A8006E = {
			fileRef = F558C535036A116501A8006E;
			isa = PBXBuildFile;
			settings = {
			};
		};
		F558C54A036A116501A8006E = {
			fileRef = F558C536036A116501A8006E;
			isa = PBXBuildFile;
			settings = {
			};
		};
		F558C54B036A116501A8006E = {
			fileRef = F558C537036A116501A8006E;
			isa = PBXBuildFile;
			settings = {
			};
		};
		F558C54C036A116501A8006E = {
			fileRef = F558C538036A116501A8006E;
			isa = PBXBuildFile;
			settings = {
			};
		};
		F558C54D036A116501A8006E = {
			fileRef = F558C539036A116501A8006E;
			isa = PBXBuildFile;
			settings = {
			};
		};
		F558C54E036A116501A8006E = {
			fileRef = F558C53A036A116501A8006E;
			isa = PBXBuildFile;
			settings = {
			};
		};
		F558C54F036A116501A8006E = {
			fileRef = F558C53B036A116501A8006E;
			isa = PBXBuildFile;
			settings = {
			};
		};
		F558C550036A116501A8006E = {
			fileRef = F558C53C036A116501A8006E;
			isa = PBXBuildFile;
			settings = {
			};
		};
		F558C551036A116501A8006E = {
			fileRef = F558C53D036A116501A8006E;
			isa = PBXBuildFile;
			settings = {
			};
		};
		F558C552036A119601A8006E = {
			fileEncoding = 30;
			isa = PBXFileReference;
			name = globals.h;
			path = ../openal/globals.h;
			refType = 2;
		};
		F558C553036A119601A8006E = {
			fileEncoding = 30;
			isa = PBXFileReference;
			name = globaltypes.h;
			path = ../openal/globaltypes.h;
			refType = 2;
		};
		F558C556036A119601A8006E = {
			fileRef = F558C552036A119601A8006E;
			isa = PBXBuildFile;
			settings = {
			};
		};
		F558C557036A119601A8006E = {
			fileRef = F558C553036A119601A8006E;
			isa = PBXBuildFile;
			settings = {
			};
		};
	};
	rootObject = 0867D690FE84028FC02AAC07;
}
