// !$*UTF8*$!
{
	archiveVersion = 1;
	classes = {
	};
	objectVersion = 38;
	objects = {
		98C0C9BD0444FE6E005F25BE = {
			children = (
				98C0C9C20444FE78005F25BE,
				98C0C9CB0444FEB3005F25BE,
				98C0C9E60444FF90005F25BE,
				98C0C9E80444FFAC005F25BE,
				98C0C9EA0444FFC8005F25BE,
				98C0C9F504450550005F25BE,
			);
			isa = PBXGroup;
			refType = 4;
		};
		98C0C9BF0444FE6E005F25BE = {
			buildRules = (
			);
			buildSettings = {
				COPY_PHASE_STRIP = NO;
			};
			isa = PBXBuildStyle;
			name = Development;
		};
		98C0C9C00444FE6E005F25BE = {
			buildRules = (
			);
			buildSettings = {
				COPY_PHASE_STRIP = YES;
			};
			isa = PBXBuildStyle;
			name = Deployment;
		};
		98C0C9C10444FE6E005F25BE = {
			buildStyles = (
				98C0C9BF0444FE6E005F25BE,
				98C0C9C00444FE6E005F25BE,
			);
			hasScannedForEncodings = 1;
			isa = PBXProject;
			mainGroup = 98C0C9BD0444FE6E005F25BE;
			productRefGroup = 98C0C9CB0444FEB3005F25BE;
			projectDirPath = "";
			targets = (
				98C0C9C90444FEB3005F25BE,
			);
		};
		98C0C9C20444FE78005F25BE = {
			children = (
				98C0C9DE0444FF47005F25BE,
				98C0C9E40444FF59005F25BE,
				98C0C9C30444FEA1005F25BE,
				98C0C9D20444FF13005F25BE,
				98C0C9D30444FF13005F25BE,
				98C0C9D60444FF33005F25BE,
				98C0C9D70444FF33005F25BE,
				98C0C9D80444FF33005F25BE,
				98C0C9D90444FF33005F25BE,
				98C0C9DF0444FF47005F25BE,
				98C0C9E00444FF47005F25BE,
				98C0C9CD0444FEFF005F25BE,
				98C0C9CE0444FEFF005F25BE,
			);
			isa = PBXGroup;
			name = Source;
			refType = 4;
		};
		98C0C9C30444FEA1005F25BE = {
			fileEncoding = 30;
			isa = PBXFileReference;
			name = main.cpp;
			path = /Users/garinh/prog/openal/demos/XLDEMO/Mac/main.cpp;
			refType = 0;
		};
		98C0C9C40444FEB3005F25BE = {
			buildActionMask = 2147483647;
			files = (
				98C0C9D00444FEFF005F25BE,
				98C0C9D50444FF13005F25BE,
				98C0C9DB0444FF33005F25BE,
				98C0C9DD0444FF33005F25BE,
				98C0C9E10444FF47005F25BE,
				98C0C9E30444FF47005F25BE,
				98C0C9E50444FF59005F25BE,
			);
			isa = PBXHeadersBuildPhase;
			runOnlyForDeploymentPostprocessing = 0;
		};
		98C0C9C50444FEB3005F25BE = {
			buildActionMask = 2147483647;
			files = (
			);
			isa = PBXResourcesBuildPhase;
			runOnlyForDeploymentPostprocessing = 0;
		};
		98C0C9C60444FEB3005F25BE = {
			buildActionMask = 2147483647;
			files = (
				98C0C9CF0444FEFF005F25BE,
				98C0C9D10444FF00005F25BE,
				98C0C9D40444FF13005F25BE,
				98C0C9DA0444FF33005F25BE,
				98C0C9DC0444FF33005F25BE,
				98C0C9E20444FF47005F25BE,
			);
			isa = PBXSourcesBuildPhase;
			runOnlyForDeploymentPostprocessing = 0;
		};
		98C0C9C70444FEB3005F25BE = {
			buildActionMask = 2147483647;
			files = (
				98C0C9E70444FF90005F25BE,
				98C0C9E90444FFAC005F25BE,
				98C0C9EB0444FFC8005F25BE,
				98C0C9F604450550005F25BE,
			);
			isa = PBXFrameworksBuildPhase;
			runOnlyForDeploymentPostprocessing = 0;
		};
		98C0C9C80444FEB3005F25BE = {
			buildActionMask = 2147483647;
			files = (
			);
			isa = PBXRezBuildPhase;
			runOnlyForDeploymentPostprocessing = 0;
		};
		98C0C9C90444FEB3005F25BE = {
			buildPhases = (
				98C0C9C40444FEB3005F25BE,
				98C0C9C50444FEB3005F25BE,
				98C0C9C60444FEB3005F25BE,
				98C0C9C70444FEB3005F25BE,
				98C0C9C80444FEB3005F25BE,
			);
			buildSettings = {
				FRAMEWORK_SEARCH_PATHS = "";
				HEADER_SEARCH_PATHS = "\"$(SYSTEM_LIBRARY_DIR)/Frameworks/GLUT.framework/Versions/A/Headers\" \"$(LOCAL_LIBRARY_DIR)/Frameworks/OpenAL.framework/Versions/A/Headers\" \"$(SYSTEM_LIBRARY_DIR)/Frameworks/OpenGL.framework/Versions/A/Headers\"";
				OTHER_CFLAGS = "";
				OTHER_LDFLAGS = "";
				OTHER_REZFLAGS = "";
				PRODUCT_NAME = xldemo;
				SECTORDER_FLAGS = "";
				WARNING_CFLAGS = "-Wmost -Wno-four-char-constants -Wno-unknown-pragmas";
				WRAPPER_EXTENSION = app;
			};
			dependencies = (
			);
			isa = PBXApplicationTarget;
			name = xldemo;
			productInstallPath = "$(USER_APPS_DIR)";
			productName = xldemo;
			productReference = 98C0C9CA0444FEB3005F25BE;
			productSettingsXML = "<?xml version=\"1.0\" encoding=\"UTF-8\"?>
<!DOCTYPE plist PUBLIC \"-//Apple Computer//DTD PLIST 1.0//EN\" \"http://www.apple.com/DTDs/PropertyList-1.0.dtd\">
<plist version=\"1.0\">
<dict>
	<key>CFBundleDevelopmentRegion</key>
	<string>English</string>
	<key>CFBundleExecutable</key>
	<string></string>
	<key>CFBundleGetInfoString</key>
	<string></string>
	<key>CFBundleIconFile</key>
	<string></string>
	<key>CFBundleIdentifier</key>
	<string></string>
	<key>CFBundleInfoDictionaryVersion</key>
	<string>6.0</string>
	<key>CFBundleName</key>
	<string></string>
	<key>CFBundlePackageType</key>
	<string>APPL</string>
	<key>CFBundleShortVersionString</key>
	<string></string>
	<key>CFBundleSignature</key>
	<string>????</string>
	<key>CFBundleVersion</key>
	<string>0.0.1d1</string>
</dict>
</plist>
";
		};
		98C0C9CA0444FEB3005F25BE = {
			isa = PBXApplicationReference;
			path = xldemo.app;
			refType = 3;
		};
		98C0C9CB0444FEB3005F25BE = {
			children = (
				98C0C9CA0444FEB3005F25BE,
			);
			isa = PBXGroup;
			name = Products;
			refType = 4;
		};
		98C0C9CD0444FEFF005F25BE = {
			fileEncoding = 30;
			isa = PBXFileReference;
			name = audioenv.cpp;
			path = /Users/garinh/prog/openal/demos/XLDEMO/COMMON/audioenv.cpp;
			refType = 0;
		};
		98C0C9CE0444FEFF005F25BE = {
			fileEncoding = 30;
			isa = PBXFileReference;
			name = audioenv.h;
			path = /Users/garinh/prog/openal/demos/XLDEMO/COMMON/audioenv.h;
			refType = 0;
		};
		98C0C9CF0444FEFF005F25BE = {
			fileRef = 98C0C9CD0444FEFF005F25BE;
			isa = PBXBuildFile;
			settings = {
			};
		};
		98C0C9D00444FEFF005F25BE = {
			fileRef = 98C0C9CE0444FEFF005F25BE;
			isa = PBXBuildFile;
			settings = {
			};
		};
		98C0C9D10444FF00005F25BE = {
			fileRef = 98C0C9C30444FEA1005F25BE;
			isa = PBXBuildFile;
			settings = {
			};
		};
		98C0C9D20444FF13005F25BE = {
			fileEncoding = 30;
			isa = PBXFileReference;
			name = common.cpp;
			path = /Users/garinh/prog/openal/demos/XLDEMO/COMMON/common.cpp;
			refType = 0;
		};
		98C0C9D30444FF13005F25BE = {
			fileEncoding = 30;
			isa = PBXFileReference;
			name = common.h;
			path = /Users/garinh/prog/openal/demos/XLDEMO/COMMON/common.h;
			refType = 0;
		};
		98C0C9D40444FF13005F25BE = {
			fileRef = 98C0C9D20444FF13005F25BE;
			isa = PBXBuildFile;
			settings = {
			};
		};
		98C0C9D50444FF13005F25BE = {
			fileRef = 98C0C9D30444FF13005F25BE;
			isa = PBXBuildFile;
			settings = {
			};
		};
		98C0C9D60444FF33005F25BE = {
			fileEncoding = 30;
			isa = PBXFileReference;
			name = object.cpp;
			path = /Users/garinh/prog/openal/demos/XLDEMO/COMMON/object.cpp;
			refType = 0;
		};
		98C0C9D70444FF33005F25BE = {
			fileEncoding = 30;
			isa = PBXFileReference;
			name = object.h;
			path = /Users/garinh/prog/openal/demos/XLDEMO/COMMON/object.h;
			refType = 0;
		};
		98C0C9D80444FF33005F25BE = {
			fileEncoding = 30;
			isa = PBXFileReference;
			name = Obstruct.cpp;
			path = /Users/garinh/prog/openal/demos/XLDEMO/COMMON/Obstruct.cpp;
			refType = 0;
		};
		98C0C9D90444FF33005F25BE = {
			fileEncoding = 30;
			isa = PBXFileReference;
			name = Obstruct.h;
			path = /Users/garinh/prog/openal/demos/XLDEMO/COMMON/Obstruct.h;
			refType = 0;
		};
		98C0C9DA0444FF33005F25BE = {
			fileRef = 98C0C9D60444FF33005F25BE;
			isa = PBXBuildFile;
			settings = {
			};
		};
		98C0C9DB0444FF33005F25BE = {
			fileRef = 98C0C9D70444FF33005F25BE;
			isa = PBXBuildFile;
			settings = {
			};
		};
		98C0C9DC0444FF33005F25BE = {
			fileRef = 98C0C9D80444FF33005F25BE;
			isa = PBXBuildFile;
			settings = {
			};
		};
		98C0C9DD0444FF33005F25BE = {
			fileRef = 98C0C9D90444FF33005F25BE;
			isa = PBXBuildFile;
			settings = {
			};
		};
		98C0C9DE0444FF47005F25BE = {
			fileEncoding = 30;
			isa = PBXFileReference;
			name = switches.h;
			path = /Users/garinh/prog/openal/demos/XLDEMO/COMMON/switches.h;
			refType = 0;
		};
		98C0C9DF0444FF47005F25BE = {
			fileEncoding = 30;
			isa = PBXFileReference;
			name = textout.cpp;
			path = /Users/garinh/prog/openal/demos/XLDEMO/COMMON/textout.cpp;
			refType = 0;
		};
		98C0C9E00444FF47005F25BE = {
			fileEncoding = 30;
			isa = PBXFileReference;
			name = textout.h;
			path = /Users/garinh/prog/openal/demos/XLDEMO/COMMON/textout.h;
			refType = 0;
		};
		98C0C9E10444FF47005F25BE = {
			fileRef = 98C0C9DE0444FF47005F25BE;
			isa = PBXBuildFile;
			settings = {
			};
		};
		98C0C9E20444FF47005F25BE = {
			fileRef = 98C0C9DF0444FF47005F25BE;
			isa = PBXBuildFile;
			settings = {
			};
		};
		98C0C9E30444FF47005F25BE = {
			fileRef = 98C0C9E00444FF47005F25BE;
			isa = PBXBuildFile;
			settings = {
			};
		};
		98C0C9E40444FF59005F25BE = {
			fileEncoding = 30;
			isa = PBXFileReference;
			name = xlheader.h;
			path = /Users/garinh/prog/openal/demos/XLDEMO/COMMON/xlheader.h;
			refType = 0;
		};
		98C0C9E50444FF59005F25BE = {
			fileRef = 98C0C9E40444FF59005F25BE;
			isa = PBXBuildFile;
			settings = {
			};
		};
		98C0C9E60444FF90005F25BE = {
			isa = PBXFrameworkReference;
			name = GLUT.framework;
			path = /System/Library/Frameworks/GLUT.framework;
			refType = 0;
		};
		98C0C9E70444FF90005F25BE = {
			fileRef = 98C0C9E60444FF90005F25BE;
			isa = PBXBuildFile;
			settings = {
			};
		};
		98C0C9E80444FFAC005F25BE = {
			isa = PBXFrameworkReference;
			name = OpenGL.framework;
			path = /System/Library/Frameworks/OpenGL.framework;
			refType = 0;
		};
		98C0C9E90444FFAC005F25BE = {
			fileRef = 98C0C9E80444FFAC005F25BE;
			isa = PBXBuildFile;
			settings = {
			};
		};
		98C0C9EA0444FFC8005F25BE = {
			isa = PBXFrameworkReference;
			name = OpenAL.framework;
			path = /System/Library/Frameworks/OpenAL.framework;
			refType = 0;
		};
		98C0C9EB0444FFC8005F25BE = {
			fileRef = 98C0C9EA0444FFC8005F25BE;
			isa = PBXBuildFile;
			settings = {
			};
		};
		98C0C9F504450550005F25BE = {
			isa = PBXFrameworkReference;
			name = Cocoa.framework;
			path = /System/Library/Frameworks/Cocoa.framework;
			refType = 0;
		};
		98C0C9F604450550005F25BE = {
			fileRef = 98C0C9F504450550005F25BE;
			isa = PBXBuildFile;
			settings = {
			};
		};
	};
	rootObject = 98C0C9C10444FE6E005F25BE;
}
