Microsoft Visual Studio Solution File, Format Version 8.00
Project("{8BC9CEB8-8B4A-11D0-8D11-00A0C91BC942}") = "ALc", "ALc\ALc.vcproj", "{B446CE23-EA73-4DA9-83FB-7337BE49C4C3}"
	ProjectSection(ProjectDependencies) = postProject
	EndProjectSection
EndProject
Project("{8BC9CEB8-8B4A-11D0-8D11-00A0C91BC942}") = "ALu", "ALu\ALu.vcproj", "{A06E5C83-AFCE-432B-8112-9E189ECC0CA8}"
	ProjectSection(ProjectDependencies) = postProject
	EndProjectSection
EndProject
Project("{8BC9CEB8-8B4A-11D0-8D11-00A0C91BC942}") = "OpenAL32", "OpenAL32\OpenAL32.vcproj", "{3F46A69E-4854-4773-AC5F-BFFA340B2C1E}"
	ProjectSection(ProjectDependencies) = postProject
		{593CA2FE-F022-4B2A-9B4E-55260522C612} = {593CA2FE-F022-4B2A-9B4E-55260522C612}
		{A06E5C83-AFCE-432B-8112-9E189ECC0CA8} = {A06E5C83-AFCE-432B-8112-9E189ECC0CA8}
		{B446CE23-EA73-4DA9-83FB-7337BE49C4C3} = {B446CE23-EA73-4DA9-83FB-7337BE49C4C3}
	EndProjectSection
EndProject
Project("{8BC9CEB8-8B4A-11D0-8D11-00A0C91BC942}") = "Router", "Router\Router.vcproj", "{7161CCF5-9946-415E-8BE2-E6CE8CB726FA}"
	ProjectSection(ProjectDependencies) = postProject
	EndProjectSection
EndProject
Global
	GlobalSection(SolutionConfiguration) = preSolution
		Debug = Debug
		Release = Release
	EndGlobalSection
	GlobalSection(ProjectConfiguration) = postSolution
		{B446CE23-EA73-4DA9-83FB-7337BE49C4C3}.Debug.ActiveCfg = Debug|Win32
		{B446CE23-EA73-4DA9-83FB-7337BE49C4C3}.Debug.Build.0 = Debug|Win32
		{B446CE23-EA73-4DA9-83FB-7337BE49C4C3}.Release.ActiveCfg = Release|Win32
		{B446CE23-EA73-4DA9-83FB-7337BE49C4C3}.Release.Build.0 = Release|Win32
		{A06E5C83-AFCE-432B-8112-9E189ECC0CA8}.Debug.ActiveCfg = Debug|Win32
		{A06E5C83-AFCE-432B-8112-9E189ECC0CA8}.Debug.Build.0 = Debug|Win32
		{A06E5C83-AFCE-432B-8112-9E189ECC0CA8}.Release.ActiveCfg = Release|Win32
		{A06E5C83-AFCE-432B-8112-9E189ECC0CA8}.Release.Build.0 = Release|Win32
		{593CA2FE-F022-4B2A-9B4E-55260522C612}.Debug.ActiveCfg = Debug|Win32
		{593CA2FE-F022-4B2A-9B4E-55260522C612}.Debug.Build.0 = Debug|Win32
		{593CA2FE-F022-4B2A-9B4E-55260522C612}.Release.ActiveCfg = Release|Win32
		{593CA2FE-F022-4B2A-9B4E-55260522C612}.Release.Build.0 = Release|Win32
		{3F46A69E-4854-4773-AC5F-BFFA340B2C1E}.Debug.ActiveCfg = Debug|Win32
		{3F46A69E-4854-4773-AC5F-BFFA340B2C1E}.Debug.Build.0 = Debug|Win32
		{3F46A69E-4854-4773-AC5F-BFFA340B2C1E}.Release.ActiveCfg = Release|Win32
		{3F46A69E-4854-4773-AC5F-BFFA340B2C1E}.Release.Build.0 = Release|Win32
		{DACFFBA4-1780-4750-AA8D-1BE1812CE375}.Debug.ActiveCfg = Debug|Win32
		{DACFFBA4-1780-4750-AA8D-1BE1812CE375}.Debug.Build.0 = Debug|Win32
		{DACFFBA4-1780-4750-AA8D-1BE1812CE375}.Release.ActiveCfg = Release|Win32
		{DACFFBA4-1780-4750-AA8D-1BE1812CE375}.Release.Build.0 = Release|Win32
		{7161CCF5-9946-415E-8BE2-E6CE8CB726FA}.Debug.ActiveCfg = Debug|Win32
		{7161CCF5-9946-415E-8BE2-E6CE8CB726FA}.Debug.Build.0 = Debug|Win32
		{7161CCF5-9946-415E-8BE2-E6CE8CB726FA}.Release.ActiveCfg = Release|Win32
		{7161CCF5-9946-415E-8BE2-E6CE8CB726FA}.Release.Build.0 = Release|Win32
	EndGlobalSection
	GlobalSection(ExtensibilityGlobals) = postSolution
	EndGlobalSection
	GlobalSection(ExtensibilityAddIns) = postSolution
	EndGlobalSection
EndGlobal
