Microsoft Visual Studio Solution File, Format Version 8.00
Project("{8BC9CEB8-8B4A-11D0-8D11-00A0C91BC942}") = "ALc", "ALc\ALc.vcproj", "{9E16DFA7-61EB-45D9-97A1-B590A3C5FCA1}"
	ProjectSection(ProjectDependencies) = postProject
	EndProjectSection
EndProject
Project("{8BC9CEB8-8B4A-11D0-8D11-00A0C91BC942}") = "ALu", "ALu\ALu.vcproj", "{DEA4F3E4-75DB-4C78-947C-40BB7FFD3B44}"
	ProjectSection(ProjectDependencies) = postProject
	EndProjectSection
EndProject
Project("{8BC9CEB8-8B4A-11D0-8D11-00A0C91BC942}") = "OpenAL32", "OpenAL32\OpenAL32.vcproj", "{DC6C7281-068A-4BEC-8A37-6613198345F5}"
	ProjectSection(ProjectDependencies) = postProject
		{DEA4F3E4-75DB-4C78-947C-40BB7FFD3B44} = {DEA4F3E4-75DB-4C78-947C-40BB7FFD3B44}
		{9E16DFA7-61EB-45D9-97A1-B590A3C5FCA1} = {9E16DFA7-61EB-45D9-97A1-B590A3C5FCA1}
	EndProjectSection
EndProject
Project("{8BC9CEB8-8B4A-11D0-8D11-00A0C91BC942}") = "Router", "Router\Router.vcproj", "{ED1DE89D-A3E6-4FEE-ABC7-E1B2E3EB8013}"
	ProjectSection(ProjectDependencies) = postProject
	EndProjectSection
EndProject
Project("{8BC9CEB8-8B4A-11D0-8D11-00A0C91BC942}") = "altest", "..\demos\altest\win\altest.vcproj", "{8803C70A-6C3A-435B-A977-44822F5CF372}"
	ProjectSection(ProjectDependencies) = postProject
		{ED1DE89D-A3E6-4FEE-ABC7-E1B2E3EB8013} = {ED1DE89D-A3E6-4FEE-ABC7-E1B2E3EB8013}
		{DC6C7281-068A-4BEC-8A37-6613198345F5} = {DC6C7281-068A-4BEC-8A37-6613198345F5}
	EndProjectSection
EndProject
Global
	GlobalSection(SolutionConfiguration) = preSolution
		Debug = Debug
		Release = Release
	EndGlobalSection
	GlobalSection(ProjectConfiguration) = postSolution
		{9E16DFA7-61EB-45D9-97A1-B590A3C5FCA1}.Debug.ActiveCfg = Debug|Win32
		{9E16DFA7-61EB-45D9-97A1-B590A3C5FCA1}.Debug.Build.0 = Debug|Win32
		{9E16DFA7-61EB-45D9-97A1-B590A3C5FCA1}.Release.ActiveCfg = Release|Win32
		{9E16DFA7-61EB-45D9-97A1-B590A3C5FCA1}.Release.Build.0 = Release|Win32
		{DEA4F3E4-75DB-4C78-947C-40BB7FFD3B44}.Debug.ActiveCfg = Debug|Win32
		{DEA4F3E4-75DB-4C78-947C-40BB7FFD3B44}.Debug.Build.0 = Debug|Win32
		{DEA4F3E4-75DB-4C78-947C-40BB7FFD3B44}.Release.ActiveCfg = Release|Win32
		{DEA4F3E4-75DB-4C78-947C-40BB7FFD3B44}.Release.Build.0 = Release|Win32
		{DC6C7281-068A-4BEC-8A37-6613198345F5}.Debug.ActiveCfg = Debug|Win32
		{DC6C7281-068A-4BEC-8A37-6613198345F5}.Debug.Build.0 = Debug|Win32
		{DC6C7281-068A-4BEC-8A37-6613198345F5}.Release.ActiveCfg = Release|Win32
		{DC6C7281-068A-4BEC-8A37-6613198345F5}.Release.Build.0 = Release|Win32
		{ED1DE89D-A3E6-4FEE-ABC7-E1B2E3EB8013}.Debug.ActiveCfg = Debug|Win32
		{ED1DE89D-A3E6-4FEE-ABC7-E1B2E3EB8013}.Debug.Build.0 = Debug|Win32
		{ED1DE89D-A3E6-4FEE-ABC7-E1B2E3EB8013}.Release.ActiveCfg = Release|Win32
		{ED1DE89D-A3E6-4FEE-ABC7-E1B2E3EB8013}.Release.Build.0 = Release|Win32
		{8803C70A-6C3A-435B-A977-44822F5CF372}.Debug.ActiveCfg = Debug|Win32
		{8803C70A-6C3A-435B-A977-44822F5CF372}.Debug.Build.0 = Debug|Win32
		{8803C70A-6C3A-435B-A977-44822F5CF372}.Release.ActiveCfg = Release|Win32
		{8803C70A-6C3A-435B-A977-44822F5CF372}.Release.Build.0 = Release|Win32
	EndGlobalSection
	GlobalSection(ExtensibilityGlobals) = postSolution
	EndGlobalSection
	GlobalSection(ExtensibilityAddIns) = postSolution
	EndGlobalSection
EndGlobal
